// !$*UTF8*$!
{
	archiveVersion = 1;
	classes = {
	};
	objectVersion = 77;
	objects = {

/* Begin PBXBuildFile section */
		16ADEFC09003320C95363413 /* ggchatApp.swift in Sources */ = {isa = PBXBuildFile; fileRef = 56D176E1F0D09146E5E6384D /* ggchatApp.swift */; };
		2BC2B73C5C5BDAF36DDDA295 /* FirstRunUITests.swift in Sources */ = {isa = PBXBuildFile; fileRef = D2FD64D354A297A69A640EC4 /* FirstRunUITests.swift */; };
		7022193D36D9C554D11E7C19 /* Assets.xcassets in Resources */ = {isa = PBXBuildFile; fileRef = D6AD07AA03CC2B5B94885481 /* Assets.xcassets */; };
		725081788612B911C82443FD /* RemainingScreensUITests.swift in Sources */ = {isa = PBXBuildFile; fileRef = 8887D474A25D1148508A1A8A /* RemainingScreensUITests.swift */; };
		895F021D8EBF53CF1DE2D275 /* ScreenGalleryUITests.swift in Sources */ = {isa = PBXBuildFile; fileRef = 3B587441DB44EB8387612415 /* ScreenGalleryUITests.swift */; };
		C3CA847E3248F9EEBB33E2FC /* UITestSupport.swift in Sources */ = {isa = PBXBuildFile; fileRef = A72388942EA2BF180AE457CF /* UITestSupport.swift */; };
		C6B588CC1AD15333CC66DF6A /* GGChatUI in Frameworks */ = {isa = PBXBuildFile; productRef = 3827CC1C411258C3A02FB0E8 /* GGChatUI */; };
/* End PBXBuildFile section */

/* Begin PBXContainerItemProxy section */
		335B673EF1D9BE6C3B5EA080 /* PBXContainerItemProxy */ = {
			isa = PBXContainerItemProxy;
			containerPortal = 539D5F899BC0AEACDBAFAE5F /* Project object */;
			proxyType = 1;
			remoteGlobalIDString = 1D7BB5600CE781C36C8E10FA;
			remoteInfo = ggchat;
		};
/* End PBXContainerItemProxy section */

/* Begin PBXFileReference section */
		157E48045F63BAEE71CF5C31 /* ggchat-iOS.entitlements */ = {isa = PBXFileReference; lastKnownFileType = text.plist.entitlements; path = "ggchat-iOS.entitlements"; sourceTree = "<group>"; };
		3B587441DB44EB8387612415 /* ScreenGalleryUITests.swift */ = {isa = PBXFileReference; lastKnownFileType = sourcecode.swift; path = ScreenGalleryUITests.swift; sourceTree = "<group>"; };
		56D176E1F0D09146E5E6384D /* ggchatApp.swift */ = {isa = PBXFileReference; lastKnownFileType = sourcecode.swift; path = ggchatApp.swift; sourceTree = "<group>"; };
		8887D474A25D1148508A1A8A /* RemainingScreensUITests.swift */ = {isa = PBXFileReference; lastKnownFileType = sourcecode.swift; path = RemainingScreensUITests.swift; sourceTree = "<group>"; };
		A0ABE63F6756B69704008146 /* ggchat.app */ = {isa = PBXFileReference; includeInIndex = 0; lastKnownFileType = wrapper.application; path = ggchat.app; sourceTree = BUILT_PRODUCTS_DIR; };
		A620F205B643A7E1B77C12F3 /* Info.plist */ = {isa = PBXFileReference; lastKnownFileType = text.plist; path = Info.plist; sourceTree = "<group>"; };
		A72388942EA2BF180AE457CF /* UITestSupport.swift */ = {isa = PBXFileReference; lastKnownFileType = sourcecode.swift; path = UITestSupport.swift; sourceTree = "<group>"; };
		ACFEC7FB129F67C8D31EC44B /* ggchat-macOS.entitlements */ = {isa = PBXFileReference; lastKnownFileType = text.plist.entitlements; path = "ggchat-macOS.entitlements"; sourceTree = "<group>"; };
		D2FD64D354A297A69A640EC4 /* FirstRunUITests.swift */ = {isa = PBXFileReference; lastKnownFileType = sourcecode.swift; path = FirstRunUITests.swift; sourceTree = "<group>"; };
		D6AD07AA03CC2B5B94885481 /* Assets.xcassets */ = {isa = PBXFileReference; lastKnownFileType = folder.assetcatalog; path = Assets.xcassets; sourceTree = "<group>"; };
		DAF72E349B4862F0CFBCFFDF /* ggchat */ = {isa = PBXFileReference; lastKnownFileType = folder; name = ggchat; path = ..; sourceTree = SOURCE_ROOT; };
		E8525D55CC4C5971CAEB1E81 /* Version.xcconfig */ = {isa = PBXFileReference; lastKnownFileType = text.xcconfig; path = Version.xcconfig; sourceTree = "<group>"; };
		EFA7D812A49BFE4BB0007F8F /* ggchatUITests.xctest */ = {isa = PBXFileReference; includeInIndex = 0; lastKnownFileType = wrapper.cfbundle; path = ggchatUITests.xctest; sourceTree = BUILT_PRODUCTS_DIR; };
/* End PBXFileReference section */

/* Begin PBXFrameworksBuildPhase section */
		C4236DF872A5A82DCCB362C1 /* Frameworks */ = {
			isa = PBXFrameworksBuildPhase;
			buildActionMask = 2147483647;
			files = (
				C6B588CC1AD15333CC66DF6A /* GGChatUI in Frameworks */,
			);
			runOnlyForDeploymentPostprocessing = 0;
		};
/* End PBXFrameworksBuildPhase section */

/* Begin PBXGroup section */
		248FACB0894B6623AF92A16C /* Packages */ = {
			isa = PBXGroup;
			children = (
				DAF72E349B4862F0CFBCFFDF /* ggchat */,
			);
			name = Packages;
			sourceTree = "<group>";
		};
		2BA2B3D5B2F8F8F703FD290C /* Products */ = {
			isa = PBXGroup;
			children = (
				A0ABE63F6756B69704008146 /* ggchat.app */,
				EFA7D812A49BFE4BB0007F8F /* ggchatUITests.xctest */,
			);
			name = Products;
			sourceTree = "<group>";
		};
		2ECFD379A3770D9C0F3A89CF /* Config */ = {
			isa = PBXGroup;
			children = (
				E8525D55CC4C5971CAEB1E81 /* Version.xcconfig */,
			);
			path = Config;
			sourceTree = "<group>";
		};
		391A0BE2034CEEA73CD137A5 /* ggchat */ = {
			isa = PBXGroup;
			children = (
				D6AD07AA03CC2B5B94885481 /* Assets.xcassets */,
				157E48045F63BAEE71CF5C31 /* ggchat-iOS.entitlements */,
				ACFEC7FB129F67C8D31EC44B /* ggchat-macOS.entitlements */,
				56D176E1F0D09146E5E6384D /* ggchatApp.swift */,
				A620F205B643A7E1B77C12F3 /* Info.plist */,
			);
			path = ggchat;
			sourceTree = "<group>";
		};
		788C0303CB1FA240EB10352A /* ggchat */ = {
			isa = PBXGroup;
			children = (
				2ECFD379A3770D9C0F3A89CF /* Config */,
			);
			name = ggchat;
			path = ..;
			sourceTree = "<group>";
		};
		8362D06B94E42BD6AF4DB0E1 = {
			isa = PBXGroup;
			children = (
				391A0BE2034CEEA73CD137A5 /* ggchat */,
				788C0303CB1FA240EB10352A /* ggchat */,
				85B1B4C232285CA7CEF58345 /* ggchatUITests */,
				248FACB0894B6623AF92A16C /* Packages */,
				2BA2B3D5B2F8F8F703FD290C /* Products */,
			);
			sourceTree = "<group>";
		};
		85B1B4C232285CA7CEF58345 /* ggchatUITests */ = {
			isa = PBXGroup;
			children = (
				D2FD64D354A297A69A640EC4 /* FirstRunUITests.swift */,
				8887D474A25D1148508A1A8A /* RemainingScreensUITests.swift */,
				3B587441DB44EB8387612415 /* ScreenGalleryUITests.swift */,
				A72388942EA2BF180AE457CF /* UITestSupport.swift */,
			);
			path = ggchatUITests;
			sourceTree = "<group>";
		};
/* End PBXGroup section */

/* Begin PBXNativeTarget section */
		0922AB6724F29252F5FECFC9 /* ggchatUITests */ = {
			isa = PBXNativeTarget;
			buildConfigurationList = 3F4B0C1E6D8E05211B1BD626 /* Build configuration list for PBXNativeTarget "ggchatUITests" */;
			buildPhases = (
				4DC173883BFED7911D32DE07 /* Sources */,
			);
			buildRules = (
			);
			dependencies = (
				C0367380EA4FA3E4CE7585CC /* PBXTargetDependency */,
			);
			name = ggchatUITests;
			packageProductDependencies = (
			);
			productName = ggchatUITests;
			productReference = EFA7D812A49BFE4BB0007F8F /* ggchatUITests.xctest */;
			productType = "com.apple.product-type.bundle.ui-testing";
		};
		1D7BB5600CE781C36C8E10FA /* ggchat */ = {
			isa = PBXNativeTarget;
			buildConfigurationList = 30B68BC212B97B02ED5DD4CD /* Build configuration list for PBXNativeTarget "ggchat" */;
			buildPhases = (
				DDEAB702BE3E3522A1E8E407 /* Sources */,
				7EECC3924723EDC652E7F8BE /* Resources */,
				C4236DF872A5A82DCCB362C1 /* Frameworks */,
			);
			buildRules = (
			);
			dependencies = (
			);
			name = ggchat;
			packageProductDependencies = (
				3827CC1C411258C3A02FB0E8 /* GGChatUI */,
			);
			productName = ggchat;
			productReference = A0ABE63F6756B69704008146 /* ggchat.app */;
			productType = "com.apple.product-type.application";
		};
/* End PBXNativeTarget section */

/* Begin PBXProject section */
		539D5F899BC0AEACDBAFAE5F /* Project object */ = {
			isa = PBXProject;
			attributes = {
				BuildIndependentTargetsInParallel = YES;
				LastUpgradeCheck = 2600;
				TargetAttributes = {
					0922AB6724F29252F5FECFC9 = {
						ProvisioningStyle = Automatic;
						TestTargetID = 1D7BB5600CE781C36C8E10FA;
					};
					1D7BB5600CE781C36C8E10FA = {
						ProvisioningStyle = Automatic;
					};
				};
			};
			buildConfigurationList = AAC02B7C1068BA32709EC872 /* Build configuration list for PBXProject "ggchat" */;
			developmentRegion = en;
			hasScannedForEncodings = 0;
			knownRegions = (
				Base,
				en,
			);
			mainGroup = 8362D06B94E42BD6AF4DB0E1;
			minimizedProjectReferenceProxies = 1;
			packageReferences = (
				B3058F6E59A576F9614036AE /* XCLocalSwiftPackageReference ".." */,
			);
			preferredProjectObjectVersion = 77;
			productRefGroup = 2BA2B3D5B2F8F8F703FD290C /* Products */;
			projectDirPath = "";
			projectRoot = "";
			targets = (
				0922AB6724F29252F5FECFC9 /* ggchatUITests */,
				1D7BB5600CE781C36C8E10FA /* ggchat */,
			);
		};
/* End PBXProject section */

/* Begin PBXResourcesBuildPhase section */
		7EECC3924723EDC652E7F8BE /* Resources */ = {
			isa = PBXResourcesBuildPhase;
			buildActionMask = 2147483647;
			files = (
				7022193D36D9C554D11E7C19 /* Assets.xcassets in Resources */,
			);
			runOnlyForDeploymentPostprocessing = 0;
		};
/* End PBXResourcesBuildPhase section */

/* Begin PBXSourcesBuildPhase section */
		4DC173883BFED7911D32DE07 /* Sources */ = {
			isa = PBXSourcesBuildPhase;
			buildActionMask = 2147483647;
			files = (
				2BC2B73C5C5BDAF36DDDA295 /* FirstRunUITests.swift in Sources */,
				725081788612B911C82443FD /* RemainingScreensUITests.swift in Sources */,
				895F021D8EBF53CF1DE2D275 /* ScreenGalleryUITests.swift in Sources */,
				C3CA847E3248F9EEBB33E2FC /* UITestSupport.swift in Sources */,
			);
			runOnlyForDeploymentPostprocessing = 0;
		};
		DDEAB702BE3E3522A1E8E407 /* Sources */ = {
			isa = PBXSourcesBuildPhase;
			buildActionMask = 2147483647;
			files = (
				16ADEFC09003320C95363413 /* ggchatApp.swift in Sources */,
			);
			runOnlyForDeploymentPostprocessing = 0;
		};
/* End PBXSourcesBuildPhase section */

/* Begin PBXTargetDependency section */
		C0367380EA4FA3E4CE7585CC /* PBXTargetDependency */ = {
			isa = PBXTargetDependency;
			target = 1D7BB5600CE781C36C8E10FA /* ggchat */;
			targetProxy = 335B673EF1D9BE6C3B5EA080 /* PBXContainerItemProxy */;
		};
/* End PBXTargetDependency section */

/* Begin XCBuildConfiguration section */
		19E490BB0C8688B2AB553187 /* Release */ = {
			isa = XCBuildConfiguration;
			buildSettings = {
				ALWAYS_SEARCH_USER_PATHS = NO;
				CLANG_ANALYZER_NONNULL = YES;
				CLANG_ANALYZER_NUMBER_OBJECT_CONVERSION = YES_AGGRESSIVE;
				CLANG_CXX_LANGUAGE_STANDARD = "gnu++14";
				CLANG_CXX_LIBRARY = "libc++";
				CLANG_ENABLE_MODULES = YES;
				CLANG_ENABLE_OBJC_ARC = YES;
				CLANG_ENABLE_OBJC_WEAK = YES;
				CLANG_WARN_BLOCK_CAPTURE_AUTORELEASING = YES;
				CLANG_WARN_BOOL_CONVERSION = YES;
				CLANG_WARN_COMMA = YES;
				CLANG_WARN_CONSTANT_CONVERSION = YES;
				CLANG_WARN_DEPRECATED_OBJC_IMPLEMENTATIONS = YES;
				CLANG_WARN_DIRECT_OBJC_ISA_USAGE = YES_ERROR;
				CLANG_WARN_DOCUMENTATION_COMMENTS = YES;
				CLANG_WARN_EMPTY_BODY = YES;
				CLANG_WARN_ENUM_CONVERSION = YES;
				CLANG_WARN_INFINITE_RECURSION = YES;
				CLANG_WARN_INT_CONVERSION = YES;
				CLANG_WARN_NON_LITERAL_NULL_CONVERSION = YES;
				CLANG_WARN_OBJC_IMPLICIT_RETAIN_SELF = YES;
				CLANG_WARN_OBJC_LITERAL_CONVERSION = YES;
				CLANG_WARN_OBJC_ROOT_CLASS = YES_ERROR;
				CLANG_WARN_QUOTED_INCLUDE_IN_FRAMEWORK_HEADER = YES;
				CLANG_WARN_RANGE_LOOP_ANALYSIS = YES;
				CLANG_WARN_STRICT_PROTOTYPES = YES;
				CLANG_WARN_SUSPICIOUS_MOVE = YES;
				CLANG_WARN_UNGUARDED_AVAILABILITY = YES_AGGRESSIVE;
				CLANG_WARN_UNREACHABLE_CODE = YES;
				CLANG_WARN__DUPLICATE_METHOD_MATCH = YES;
				COPY_PHASE_STRIP = NO;
				DEBUG_INFORMATION_FORMAT = "dwarf-with-dsym";
				ENABLE_NS_ASSERTIONS = NO;
				ENABLE_STRICT_OBJC_MSGSEND = YES;
				GCC_C_LANGUAGE_STANDARD = gnu11;
				GCC_NO_COMMON_BLOCKS = YES;
				GCC_WARN_64_TO_32_BIT_CONVERSION = YES;
				GCC_WARN_ABOUT_RETURN_TYPE = YES_ERROR;
				GCC_WARN_UNDECLARED_SELECTOR = YES;
				GCC_WARN_UNINITIALIZED_AUTOS = YES_AGGRESSIVE;
				GCC_WARN_UNUSED_FUNCTION = YES;
				GCC_WARN_UNUSED_VARIABLE = YES;
				IPHONEOS_DEPLOYMENT_TARGET = 26.0;
				MACOSX_DEPLOYMENT_TARGET = 26.0;
				MTL_ENABLE_DEBUG_INFO = NO;
				MTL_FAST_MATH = YES;
				PRODUCT_NAME = "$(TARGET_NAME)";
				SDKROOT = auto;
				SWIFT_COMPILATION_MODE = wholemodule;
				SWIFT_OPTIMIZATION_LEVEL = "-O";
				SWIFT_VERSION = 5.0;
			};
			name = Release;
		};
		1F86FC8E26B78C1952661038 /* Release */ = {
			isa = XCBuildConfiguration;
			buildSettings = {
				BUNDLE_LOADER = "$(TEST_HOST)";
				CODE_SIGN_STYLE = Automatic;
				GENERATE_INFOPLIST_FILE = YES;
				LD_RUNPATH_SEARCH_PATHS = (
					"$(inherited)",
					"@executable_path/Frameworks",
					"@loader_path/Frameworks",
				);
				PRODUCT_BUNDLE_IDENTIFIER = com.mattogrady.ggchat.uitests;
				PRODUCT_NAME = ggchatUITests;
				SDKROOT = auto;
				SUPPORTED_PLATFORMS = "iphoneos iphonesimulator macosx";
				SUPPORTS_MACCATALYST = NO;
				SUPPORTS_MAC_DESIGNED_FOR_IPHONE_IPAD = NO;
				SUPPORTS_XR_DESIGNED_FOR_IPHONE_IPAD = YES;
				SWIFT_VERSION = 6.0;
				TARGETED_DEVICE_FAMILY = "1,2";
				TEST_TARGET_NAME = ggchat;
			};
			name = Release;
		};
		30DE6C49E14167A8D26E1184 /* Release */ = {
			isa = XCBuildConfiguration;
			baseConfigurationReference = E8525D55CC4C5971CAEB1E81 /* Version.xcconfig */;
			buildSettings = {
				ASSETCATALOG_COMPILER_APPICON_NAME = AppIcon;
				ASSETCATALOG_COMPILER_GLOBAL_ACCENT_COLOR_NAME = AccentColor;
				"CODE_SIGN_ENTITLEMENTS[sdk=iphoneos*]" = "ggchat/ggchat-iOS.entitlements";
				"CODE_SIGN_ENTITLEMENTS[sdk=iphonesimulator*]" = "ggchat/ggchat-iOS.entitlements";
				"CODE_SIGN_ENTITLEMENTS[sdk=macosx*]" = "ggchat/ggchat-macOS.entitlements";
				CODE_SIGN_IDENTITY = "iPhone Developer";
				CODE_SIGN_STYLE = Automatic;
				ENABLE_PREVIEWS = YES;
				INFOPLIST_FILE = ggchat/Info.plist;
				INFOPLIST_KEY_NSHumanReadableCopyright = "";
				LD_RUNPATH_SEARCH_PATHS = (
					"$(inherited)",
					"@executable_path/Frameworks",
				);
				PRODUCT_BUNDLE_IDENTIFIER = com.mattogrady.ggchat;
				PRODUCT_NAME = ggchat;
				SDKROOT = auto;
				SUPPORTED_PLATFORMS = "iphoneos iphonesimulator macosx";
				SUPPORTS_MACCATALYST = NO;
				SUPPORTS_MAC_DESIGNED_FOR_IPHONE_IPAD = NO;
				SUPPORTS_XR_DESIGNED_FOR_IPHONE_IPAD = YES;
				SWIFT_DEFAULT_ACTOR_ISOLATION = MainActor;
				SWIFT_STRICT_CONCURRENCY = complete;
				SWIFT_TREAT_WARNINGS_AS_ERRORS = YES;
				SWIFT_VERSION = 6.0;
				TARGETED_DEVICE_FAMILY = "1,2";
			};
			name = Release;
		};
		7AF8A5E3310F2BC7FCCD9427 /* Debug */ = {
			isa = XCBuildConfiguration;
			buildSettings = {
				BUNDLE_LOADER = "$(TEST_HOST)";
				CODE_SIGN_STYLE = Automatic;
				GENERATE_INFOPLIST_FILE = YES;
				LD_RUNPATH_SEARCH_PATHS = (
					"$(inherited)",
					"@executable_path/Frameworks",
					"@loader_path/Frameworks",
				);
				PRODUCT_BUNDLE_IDENTIFIER = com.mattogrady.ggchat.uitests;
				PRODUCT_NAME = ggchatUITests;
				SDKROOT = auto;
				SUPPORTED_PLATFORMS = "iphoneos iphonesimulator macosx";
				SUPPORTS_MACCATALYST = NO;
				SUPPORTS_MAC_DESIGNED_FOR_IPHONE_IPAD = NO;
				SUPPORTS_XR_DESIGNED_FOR_IPHONE_IPAD = YES;
				SWIFT_VERSION = 6.0;
				TARGETED_DEVICE_FAMILY = "1,2";
				TEST_TARGET_NAME = ggchat;
			};
			name = Debug;
		};
		900D030CC033048B47D473E1 /* Debug */ = {
			isa = XCBuildConfiguration;
			baseConfigurationReference = E8525D55CC4C5971CAEB1E81 /* Version.xcconfig */;
			buildSettings = {
				ASSETCATALOG_COMPILER_APPICON_NAME = AppIcon;
				ASSETCATALOG_COMPILER_GLOBAL_ACCENT_COLOR_NAME = AccentColor;
				"CODE_SIGN_ENTITLEMENTS[sdk=iphoneos*]" = "ggchat/ggchat-iOS.entitlements";
				"CODE_SIGN_ENTITLEMENTS[sdk=iphonesimulator*]" = "ggchat/ggchat-iOS.entitlements";
				"CODE_SIGN_ENTITLEMENTS[sdk=macosx*]" = "ggchat/ggchat-macOS.entitlements";
				CODE_SIGN_IDENTITY = "iPhone Developer";
				CODE_SIGN_STYLE = Automatic;
				ENABLE_PREVIEWS = YES;
				INFOPLIST_FILE = ggchat/Info.plist;
				INFOPLIST_KEY_NSHumanReadableCopyright = "";
				LD_RUNPATH_SEARCH_PATHS = (
					"$(inherited)",
					"@executable_path/Frameworks",
				);
				PRODUCT_BUNDLE_IDENTIFIER = com.mattogrady.ggchat;
				PRODUCT_NAME = ggchat;
				SDKROOT = auto;
				SUPPORTED_PLATFORMS = "iphoneos iphonesimulator macosx";
				SUPPORTS_MACCATALYST = NO;
				SUPPORTS_MAC_DESIGNED_FOR_IPHONE_IPAD = NO;
				SUPPORTS_XR_DESIGNED_FOR_IPHONE_IPAD = YES;
				SWIFT_DEFAULT_ACTOR_ISOLATION = MainActor;
				SWIFT_STRICT_CONCURRENCY = complete;
				SWIFT_TREAT_WARNINGS_AS_ERRORS = YES;
				SWIFT_VERSION = 6.0;
				TARGETED_DEVICE_FAMILY = "1,2";
			};
			name = Debug;
		};
		AA2FBF5B5E09FF78A28B0ADB /* Debug */ = {
			isa = XCBuildConfiguration;
			buildSettings = {
				ALWAYS_SEARCH_USER_PATHS = NO;
				CLANG_ANALYZER_NONNULL = YES;
				CLANG_ANALYZER_NUMBER_OBJECT_CONVERSION = YES_AGGRESSIVE;
				CLANG_CXX_LANGUAGE_STANDARD = "gnu++14";
				CLANG_CXX_LIBRARY = "libc++";
				CLANG_ENABLE_MODULES = YES;
				CLANG_ENABLE_OBJC_ARC = YES;
				CLANG_ENABLE_OBJC_WEAK = YES;
				CLANG_WARN_BLOCK_CAPTURE_AUTORELEASING = YES;
				CLANG_WARN_BOOL_CONVERSION = YES;
				CLANG_WARN_COMMA = YES;
				CLANG_WARN_CONSTANT_CONVERSION = YES;
				CLANG_WARN_DEPRECATED_OBJC_IMPLEMENTATIONS = YES;
				CLANG_WARN_DIRECT_OBJC_ISA_USAGE = YES_ERROR;
				CLANG_WARN_DOCUMENTATION_COMMENTS = YES;
				CLANG_WARN_EMPTY_BODY = YES;
				CLANG_WARN_ENUM_CONVERSION = YES;
				CLANG_WARN_INFINITE_RECURSION = YES;
				CLANG_WARN_INT_CONVERSION = YES;
				CLANG_WARN_NON_LITERAL_NULL_CONVERSION = YES;
				CLANG_WARN_OBJC_IMPLICIT_RETAIN_SELF = YES;
				CLANG_WARN_OBJC_LITERAL_CONVERSION = YES;
				CLANG_WARN_OBJC_ROOT_CLASS = YES_ERROR;
				CLANG_WARN_QUOTED_INCLUDE_IN_FRAMEWORK_HEADER = YES;
				CLANG_WARN_RANGE_LOOP_ANALYSIS = YES;
				CLANG_WARN_STRICT_PROTOTYPES = YES;
				CLANG_WARN_SUSPICIOUS_MOVE = YES;
				CLANG_WARN_UNGUARDED_AVAILABILITY = YES_AGGRESSIVE;
				CLANG_WARN_UNREACHABLE_CODE = YES;
				CLANG_WARN__DUPLICATE_METHOD_MATCH = YES;
				COPY_PHASE_STRIP = NO;
				DEBUG_INFORMATION_FORMAT = dwarf;
				ENABLE_STRICT_OBJC_MSGSEND = YES;
				ENABLE_TESTABILITY = YES;
				GCC_C_LANGUAGE_STANDARD = gnu11;
				GCC_DYNAMIC_NO_PIC = NO;
				GCC_NO_COMMON_BLOCKS = YES;
				GCC_OPTIMIZATION_LEVEL = 0;
				GCC_PREPROCESSOR_DEFINITIONS = (
					"$(inherited)",
					"DEBUG=1",
				);
				GCC_WARN_64_TO_32_BIT_CONVERSION = YES;
				GCC_WARN_ABOUT_RETURN_TYPE = YES_ERROR;
				GCC_WARN_UNDECLARED_SELECTOR = YES;
				GCC_WARN_UNINITIALIZED_AUTOS = YES_AGGRESSIVE;
				GCC_WARN_UNUSED_FUNCTION = YES;
				GCC_WARN_UNUSED_VARIABLE = YES;
				IPHONEOS_DEPLOYMENT_TARGET = 26.0;
				MACOSX_DEPLOYMENT_TARGET = 26.0;
				MTL_ENABLE_DEBUG_INFO = INCLUDE_SOURCE;
				MTL_FAST_MATH = YES;
				ONLY_ACTIVE_ARCH = YES;
				PRODUCT_NAME = "$(TARGET_NAME)";
				SDKROOT = auto;
				SWIFT_ACTIVE_COMPILATION_CONDITIONS = DEBUG;
				SWIFT_OPTIMIZATION_LEVEL = "-Onone";
				SWIFT_VERSION = 5.0;
			};
			name = Debug;
		};
/* End XCBuildConfiguration section */

/* Begin XCConfigurationList section */
		30B68BC212B97B02ED5DD4CD /* Build configuration list for PBXNativeTarget "ggchat" */ = {
			isa = XCConfigurationList;
			buildConfigurations = (
				900D030CC033048B47D473E1 /* Debug */,
				30DE6C49E14167A8D26E1184 /* Release */,
			);
			defaultConfigurationIsVisible = 0;
			defaultConfigurationName = Debug;
		};
		3F4B0C1E6D8E05211B1BD626 /* Build configuration list for PBXNativeTarget "ggchatUITests" */ = {
			isa = XCConfigurationList;
			buildConfigurations = (
				7AF8A5E3310F2BC7FCCD9427 /* Debug */,
				1F86FC8E26B78C1952661038 /* Release */,
			);
			defaultConfigurationIsVisible = 0;
			defaultConfigurationName = Debug;
		};
		AAC02B7C1068BA32709EC872 /* Build configuration list for PBXProject "ggchat" */ = {
			isa = XCConfigurationList;
			buildConfigurations = (
				AA2FBF5B5E09FF78A28B0ADB /* Debug */,
				19E490BB0C8688B2AB553187 /* Release */,
			);
			defaultConfigurationIsVisible = 0;
			defaultConfigurationName = Debug;
		};
/* End XCConfigurationList section */

/* Begin XCLocalSwiftPackageReference section */
		B3058F6E59A576F9614036AE /* XCLocalSwiftPackageReference ".." */ = {
			isa = XCLocalSwiftPackageReference;
			relativePath = ..;
		};
/* End XCLocalSwiftPackageReference section */

/* Begin XCSwiftPackageProductDependency section */
		3827CC1C411258C3A02FB0E8 /* GGChatUI */ = {
			isa = XCSwiftPackageProductDependency;
			productName = GGChatUI;
		};
/* End XCSwiftPackageProductDependency section */
	};
	rootObject = 539D5F899BC0AEACDBAFAE5F /* Project object */;
}
